
Microsoft Visual Studio Solution File, Format Version 12.00
# Visual Studio 15
VisualStudioVersion = 15.0.27130.2036
MinimumVisualStudioVersion = 10.0.40219.1
Project("{FAE04EC0-301F-11D3-BF4B-00C04F79EFBC}") = "LOTO Aplikacija", "LOTO Aplikacija\LOTO Aplikacija.csproj", "{DED3FC70-5DC1-4386-B43B-4B4092287E91}"
EndProject
Global
	GlobalSection(SolutionConfigurationPlatforms) = preSolution
		Debug|Any CPU = Debug|Any CPU
		Release|Any CPU = Release|Any CPU
	EndGlobalSection
	GlobalSection(ProjectConfigurationPlatforms) = postSolution
		{DED3FC70-5DC1-4386-B43B-4B4092287E91}.Debug|Any CPU.ActiveCfg = Debug|Any CPU
		{DED3FC70-5DC1-4386-B43B-4B4092287E91}.Debug|Any CPU.Build.0 = Debug|Any CPU
		{DED3FC70-5DC1-4386-B43B-4B4092287E91}.Release|Any CPU.ActiveCfg = Release|Any CPU
		{DED3FC70-5DC1-4386-B43B-4B4092287E91}.Release|Any CPU.Build.0 = Release|Any CPU
	EndGlobalSection
	GlobalSection(SolutionProperties) = preSolution
		HideSolutionNode = FALSE
	EndGlobalSection
	GlobalSection(ExtensibilityGlobals) = postSolution
		SolutionGuid = {FD1B1419-D73E-402B-8FE7-255A930D0462}
	EndGlobalSection
EndGlobal
